{
  "nodes": {
    "impermanence": {
      "locked": {
        "lastModified": 1697303681,
        "narHash": "sha256-caJ0rXeagaih+xTgRduYtYKL1rZ9ylh06CIrt1w5B4g=",
        "owner": "nix-community",
        "repo": "impermanence",
        "rev": "0f317c2e9e56550ce12323eb39302d251618f5b5",
        "type": "github"
      },
      "original": {
        "owner": "nix-community",
        "repo": "impermanence",
        "type": "github"
      }
    },
    "nixpkgs": {
      "locked": {
        "lastModified": 1701389149,
        "narHash": "sha256-rU1suTIEd5DGCaAXKW6yHoCfR1mnYjOXQFOaH7M23js=",
        "owner": "nixos",
        "repo": "nixpkgs",
        "rev": "5de0b32be6e85dc1a9404c75131316e4ffbc634c",
        "type": "github"
      },
      "original": {
        "owner": "nixos",
        "ref": "nixos-23.11",
        "repo": "nixpkgs",
        "type": "github"
      }
    },
    "root": {
      "inputs": {
        "impermanence": "impermanence",
        "nixpkgs": "nixpkgs"
      }
    }
  },
  "root": "root",
  "version": 7
}
